// !$*UTF8*$!
{
	archiveVersion = 1;
	classes = {
	};
	objectVersion = 46;
	objects = {

/* Begin PBXBuildFile section */
		2EC10E171976547A000BBEB4 /* Foundation.framework in Frameworks */ = {isa = PBXBuildFile; fileRef = 2EC10E161976547A000BBEB4 /* Foundation.framework */; };
		2EC10E191976547A000BBEB4 /* CoreGraphics.framework in Frameworks */ = {isa = PBXBuildFile; fileRef = 2EC10E181976547A000BBEB4 /* CoreGraphics.framework */; };
		2EC10E1B1976547A000BBEB4 /* UIKit.framework in Frameworks */ = {isa = PBXBuildFile; fileRef = 2EC10E1A1976547A000BBEB4 /* UIKit.framework */; };
		2EC10E211976547A000BBEB4 /* InfoPlist.strings in Resources */ = {isa = PBXBuildFile; fileRef = 2EC10E1F1976547A000BBEB4 /* InfoPlist.strings */; };
		2EC10E231976547A000BBEB4 /* main.m in Sources */ = {isa = PBXBuildFile; fileRef = 2EC10E221976547A000BBEB4 /* main.m */; };
		2EC10E271976547A000BBEB4 /* ZPCAppDelegate.m in Sources */ = {isa = PBXBuildFile; fileRef = 2EC10E261976547A000BBEB4 /* ZPCAppDelegate.m */; };
		2EC10E2A1976547A000BBEB4 /* Main.storyboard in Resources */ = {isa = PBXBuildFile; fileRef = 2EC10E281976547A000BBEB4 /* Main.storyboard */; };
		2EC10E2D1976547A000BBEB4 /* ZPCViewController.m in Sources */ = {isa = PBXBuildFile; fileRef = 2EC10E2C1976547A000BBEB4 /* ZPCViewController.m */; };
		2EC10E2F1976547A000BBEB4 /* Images.xcassets in Resources */ = {isa = PBXBuildFile; fileRef = 2EC10E2E1976547A000BBEB4 /* Images.xcassets */; };
		2EC10E361976547A000BBEB4 /* XCTest.framework in Frameworks */ = {isa = PBXBuildFile; fileRef = 2EC10E351976547A000BBEB4 /* XCTest.framework */; };
		2EC10E371976547A000BBEB4 /* Foundation.framework in Frameworks */ = {isa = PBXBuildFile; fileRef = 2EC10E161976547A000BBEB4 /* Foundation.framework */; };
		2EC10E381976547A000BBEB4 /* UIKit.framework in Frameworks */ = {isa = PBXBuildFile; fileRef = 2EC10E1A1976547A000BBEB4 /* UIKit.framework */; };
		2EC10E401976547A000BBEB4 /* InfoPlist.strings in Resources */ = {isa = PBXBuildFile; fileRef = 2EC10E3E1976547A000BBEB4 /* InfoPlist.strings */; };
		2EC10E421976547A000BBEB4 /* ZPCExpandCellTests.m in Sources */ = {isa = PBXBuildFile; fileRef = 2EC10E411976547A000BBEB4 /* ZPCExpandCellTests.m */; };
		2EC10E501976702C000BBEB4 /* ZPCListViewController.m in Sources */ = {isa = PBXBuildFile; fileRef = 2EC10E4F1976702C000BBEB4 /* ZPCListViewController.m */; };
		2EC10E5319767499000BBEB4 /* ZPCDetailViewController.m in Sources */ = {isa = PBXBuildFile; fileRef = 2EC10E5219767499000BBEB4 /* ZPCDetailViewController.m */; };
/* End PBXBuildFile section */

/* Begin PBXContainerItemProxy section */
		2EC10E391976547A000BBEB4 /* PBXContainerItemProxy */ = {
			isa = PBXContainerItemProxy;
			containerPortal = 2EC10E0B1976547A000BBEB4 /* Project object */;
			proxyType = 1;
			remoteGlobalIDString = 2EC10E121976547A000BBEB4;
			remoteInfo = ZPCExpandCell;
		};
/* End PBXContainerItemProxy section */

/* Begin PBXFileReference section */
		2EC10E131976547A000BBEB4 /* ZPCExpandCell.app */ = {isa = PBXFileReference; explicitFileType = wrapper.application; includeInIndex = 0; path = ZPCExpandCell.app; sourceTree = BUILT_PRODUCTS_DIR; };
		2EC10E161976547A000BBEB4 /* Foundation.framework */ = {isa = PBXFileReference; lastKnownFileType = wrapper.framework; name = Foundation.framework; path = System/Library/Frameworks/Foundation.framework; sourceTree = SDKROOT; };
		2EC10E181976547A000BBEB4 /* CoreGraphics.framework */ = {isa = PBXFileReference; lastKnownFileType = wrapper.framework; name = CoreGraphics.framework; path = System/Library/Frameworks/CoreGraphics.framework; sourceTree = SDKROOT; };
		2EC10E1A1976547A000BBEB4 /* UIKit.framework */ = {isa = PBXFileReference; lastKnownFileType = wrapper.framework; name = UIKit.framework; path = System/Library/Frameworks/UIKit.framework; sourceTree = SDKROOT; };
		2EC10E1E1976547A000BBEB4 /* ZPCExpandCell-Info.plist */ = {isa = PBXFileReference; lastKnownFileType = text.plist.xml; path = "ZPCExpandCell-Info.plist"; sourceTree = "<group>"; };
		2EC10E201976547A000BBEB4 /* en */ = {isa = PBXFileReference; lastKnownFileType = text.plist.strings; name = en; path = en.lproj/InfoPlist.strings; sourceTree = "<group>"; };
		2EC10E221976547A000BBEB4 /* main.m */ = {isa = PBXFileReference; lastKnownFileType = sourcecode.c.objc; path = main.m; sourceTree = "<group>"; };
		2EC10E241976547A000BBEB4 /* ZPCExpandCell-Prefix.pch */ = {isa = PBXFileReference; lastKnownFileType = sourcecode.c.h; path = "ZPCExpandCell-Prefix.pch"; sourceTree = "<group>"; };
		2EC10E251976547A000BBEB4 /* ZPCAppDelegate.h */ = {isa = PBXFileReference; lastKnownFileType = sourcecode.c.h; path = ZPCAppDelegate.h; sourceTree = "<group>"; };
		2EC10E261976547A000BBEB4 /* ZPCAppDelegate.m */ = {isa = PBXFileReference; lastKnownFileType = sourcecode.c.objc; path = ZPCAppDelegate.m; sourceTree = "<group>"; };
		2EC10E291976547A000BBEB4 /* Base */ = {isa = PBXFileReference; lastKnownFileType = file.storyboard; name = Base; path = Base.lproj/Main.storyboard; sourceTree = "<group>"; };
		2EC10E2B1976547A000BBEB4 /* ZPCViewController.h */ = {isa = PBXFileReference; lastKnownFileType = sourcecode.c.h; path = ZPCViewController.h; sourceTree = "<group>"; };
		2EC10E2C1976547A000BBEB4 /* ZPCViewController.m */ = {isa = PBXFileReference; lastKnownFileType = sourcecode.c.objc; path = ZPCViewController.m; sourceTree = "<group>"; };
		2EC10E2E1976547A000BBEB4 /* Images.xcassets */ = {isa = PBXFileReference; lastKnownFileType = folder.assetcatalog; path = Images.xcassets; sourceTree = "<group>"; };
		2EC10E341976547A000BBEB4 /* ZPCExpandCellTests.xctest */ = {isa = PBXFileReference; explicitFileType = wrapper.cfbundle; includeInIndex = 0; path = ZPCExpandCellTests.xctest; sourceTree = BUILT_PRODUCTS_DIR; };
		2EC10E351976547A000BBEB4 /* XCTest.framework */ = {isa = PBXFileReference; lastKnownFileType = wrapper.framework; name = XCTest.framework; path = Library/Frameworks/XCTest.framework; sourceTree = DEVELOPER_DIR; };
		2EC10E3D1976547A000BBEB4 /* ZPCExpandCellTests-Info.plist */ = {isa = PBXFileReference; lastKnownFileType = text.plist.xml; path = "ZPCExpandCellTests-Info.plist"; sourceTree = "<group>"; };
		2EC10E3F1976547A000BBEB4 /* en */ = {isa = PBXFileReference; lastKnownFileType = text.plist.strings; name = en; path = en.lproj/InfoPlist.strings; sourceTree = "<group>"; };
		2EC10E411976547A000BBEB4 /* ZPCExpandCellTests.m */ = {isa = PBXFileReference; lastKnownFileType = sourcecode.c.objc; path = ZPCExpandCellTests.m; sourceTree = "<group>"; };
		2EC10E4E1976702C000BBEB4 /* ZPCListViewController.h */ = {isa = PBXFileReference; fileEncoding = 4; lastKnownFileType = sourcecode.c.h; path = ZPCListViewController.h; sourceTree = "<group>"; };
		2EC10E4F1976702C000BBEB4 /* ZPCListViewController.m */ = {isa = PBXFileReference; fileEncoding = 4; lastKnownFileType = sourcecode.c.objc; path = ZPCListViewController.m; sourceTree = "<group>"; };
		2EC10E5119767499000BBEB4 /* ZPCDetailViewController.h */ = {isa = PBXFileReference; fileEncoding = 4; lastKnownFileType = sourcecode.c.h; path = ZPCDetailViewController.h; sourceTree = "<group>"; };
		2EC10E5219767499000BBEB4 /* ZPCDetailViewController.m */ = {isa = PBXFileReference; fileEncoding = 4; lastKnownFileType = sourcecode.c.objc; path = ZPCDetailViewController.m; sourceTree = "<group>"; };
/* End PBXFileReference section */

/* Begin PBXFrameworksBuildPhase section */
		2EC10E101976547A000BBEB4 /* Frameworks */ = {
			isa = PBXFrameworksBuildPhase;
			buildActionMask = 2147483647;
			files = (
				2EC10E191976547A000BBEB4 /* CoreGraphics.framework in Frameworks */,
				2EC10E1B1976547A000BBEB4 /* UIKit.framework in Frameworks */,
				2EC10E171976547A000BBEB4 /* Foundation.framework in Frameworks */,
			);
			runOnlyForDeploymentPostprocessing = 0;
		};
		2EC10E311976547A000BBEB4 /* Frameworks */ = {
			isa = PBXFrameworksBuildPhase;
			buildActionMask = 2147483647;
			files = (
				2EC10E361976547A000BBEB4 /* XCTest.framework in Frameworks */,
				2EC10E381976547A000BBEB4 /* UIKit.framework in Frameworks */,
				2EC10E371976547A000BBEB4 /* Foundation.framework in Frameworks */,
			);
			runOnlyForDeploymentPostprocessing = 0;
		};
/* End PBXFrameworksBuildPhase section */

/* Begin PBXGroup section */
		2EC10E0A1976547A000BBEB4 = {
			isa = PBXGroup;
			children = (
				2EC10E1C1976547A000BBEB4 /* ZPCExpandCell */,
				2EC10E3B1976547A000BBEB4 /* ZPCExpandCellTests */,
				2EC10E151976547A000BBEB4 /* Frameworks */,
				2EC10E141976547A000BBEB4 /* Products */,
			);
			sourceTree = "<group>";
		};
		2EC10E141976547A000BBEB4 /* Products */ = {
			isa = PBXGroup;
			children = (
				2EC10E131976547A000BBEB4 /* ZPCExpandCell.app */,
				2EC10E341976547A000BBEB4 /* ZPCExpandCellTests.xctest */,
			);
			name = Products;
			sourceTree = "<group>";
		};
		2EC10E151976547A000BBEB4 /* Frameworks */ = {
			isa = PBXGroup;
			children = (
				2EC10E161976547A000BBEB4 /* Foundation.framework */,
				2EC10E181976547A000BBEB4 /* CoreGraphics.framework */,
				2EC10E1A1976547A000BBEB4 /* UIKit.framework */,
				2EC10E351976547A000BBEB4 /* XCTest.framework */,
			);
			name = Frameworks;
			sourceTree = "<group>";
		};
		2EC10E1C1976547A000BBEB4 /* ZPCExpandCell */ = {
			isa = PBXGroup;
			children = (
				2EC10E251976547A000BBEB4 /* ZPCAppDelegate.h */,
				2EC10E261976547A000BBEB4 /* ZPCAppDelegate.m */,
				2EC10E281976547A000BBEB4 /* Main.storyboard */,
				2EC10E2B1976547A000BBEB4 /* ZPCViewController.h */,
				2EC10E2C1976547A000BBEB4 /* ZPCViewController.m */,
				2EC10E4E1976702C000BBEB4 /* ZPCListViewController.h */,
				2EC10E4F1976702C000BBEB4 /* ZPCListViewController.m */,
				2EC10E5119767499000BBEB4 /* ZPCDetailViewController.h */,
				2EC10E5219767499000BBEB4 /* ZPCDetailViewController.m */,
				2EC10E2E1976547A000BBEB4 /* Images.xcassets */,
				2EC10E1D1976547A000BBEB4 /* Supporting Files */,
			);
			path = ZPCExpandCell;
			sourceTree = "<group>";
		};
		2EC10E1D1976547A000BBEB4 /* Supporting Files */ = {
			isa = PBXGroup;
			children = (
				2EC10E1E1976547A000BBEB4 /* ZPCExpandCell-Info.plist */,
				2EC10E1F1976547A000BBEB4 /* InfoPlist.strings */,
				2EC10E221976547A000BBEB4 /* main.m */,
				2EC10E241976547A000BBEB4 /* ZPCExpandCell-Prefix.pch */,
			);
			name = "Supporting Files";
			sourceTree = "<group>";
		};
		2EC10E3B1976547A000BBEB4 /* ZPCExpandCellTests */ = {
			isa = PBXGroup;
			children = (
				2EC10E411976547A000BBEB4 /* ZPCExpandCellTests.m */,
				2EC10E3C1976547A000BBEB4 /* Supporting Files */,
			);
			path = ZPCExpandCellTests;
			sourceTree = "<group>";
		};
		2EC10E3C1976547A000BBEB4 /* Supporting Files */ = {
			isa = PBXGroup;
			children = (
				2EC10E3D1976547A000BBEB4 /* ZPCExpandCellTests-Info.plist */,
				2EC10E3E1976547A000BBEB4 /* InfoPlist.strings */,
			);
			name = "Supporting Files";
			sourceTree = "<group>";
		};
/* End PBXGroup section */

/* Begin PBXNativeTarget section */
		2EC10E121976547A000BBEB4 /* ZPCExpandCell */ = {
			isa = PBXNativeTarget;
			buildConfigurationList = 2EC10E451976547A000BBEB4 /* Build configuration list for PBXNativeTarget "ZPCExpandCell" */;
			buildPhases = (
				2EC10E0F1976547A000BBEB4 /* Sources */,
				2EC10E101976547A000BBEB4 /* Frameworks */,
				2EC10E111976547A000BBEB4 /* Resources */,
			);
			buildRules = (
			);
			dependencies = (
			);
			name = ZPCExpandCell;
			productName = ZPCExpandCell;
			productReference = 2EC10E131976547A000BBEB4 /* ZPCExpandCell.app */;
			productType = "com.apple.product-type.application";
		};
		2EC10E331976547A000BBEB4 /* ZPCExpandCellTests */ = {
			isa = PBXNativeTarget;
			buildConfigurationList = 2EC10E481976547A000BBEB4 /* Build configuration list for PBXNativeTarget "ZPCExpandCellTests" */;
			buildPhases = (
				2EC10E301976547A000BBEB4 /* Sources */,
				2EC10E311976547A000BBEB4 /* Frameworks */,
				2EC10E321976547A000BBEB4 /* Resources */,
			);
			buildRules = (
			);
			dependencies = (
				2EC10E3A1976547A000BBEB4 /* PBXTargetDependency */,
			);
			name = ZPCExpandCellTests;
			productName = ZPCExpandCellTests;
			productReference = 2EC10E341976547A000BBEB4 /* ZPCExpandCellTests.xctest */;
			productType = "com.apple.product-type.bundle.unit-test";
		};
/* End PBXNativeTarget section */

/* Begin PBXProject section */
		2EC10E0B1976547A000BBEB4 /* Project object */ = {
			isa = PBXProject;
			attributes = {
				CLASSPREFIX = ZPC;
				LastUpgradeCheck = 0510;
				ORGANIZATIONNAME = com.duowan.zpc;
				TargetAttributes = {
					2EC10E331976547A000BBEB4 = {
						TestTargetID = 2EC10E121976547A000BBEB4;
					};
				};
			};
			buildConfigurationList = 2EC10E0E1976547A000BBEB4 /* Build configuration list for PBXProject "ZPCExpandCell" */;
			compatibilityVersion = "Xcode 3.2";
			developmentRegion = English;
			hasScannedForEncodings = 0;
			knownRegions = (
				en,
				Base,
			);
			mainGroup = 2EC10E0A1976547A000BBEB4;
			productRefGroup = 2EC10E141976547A000BBEB4 /* Products */;
			projectDirPath = "";
			projectRoot = "";
			targets = (
				2EC10E121976547A000BBEB4 /* ZPCExpandCell */,
				2EC10E331976547A000BBEB4 /* ZPCExpandCellTests */,
			);
		};
/* End PBXProject section */

/* Begin PBXResourcesBuildPhase section */
		2EC10E111976547A000BBEB4 /* Resources */ = {
			isa = PBXResourcesBuildPhase;
			buildActionMask = 2147483647;
			files = (
				2EC10E2F1976547A000BBEB4 /* Images.xcassets in Resources */,
				2EC10E211976547A000BBEB4 /* InfoPlist.strings in Resources */,
				2EC10E2A1976547A000BBEB4 /* Main.storyboard in Resources */,
			);
			runOnlyForDeploymentPostprocessing = 0;
		};
		2EC10E321976547A000BBEB4 /* Resources */ = {
			isa = PBXResourcesBuildPhase;
			buildActionMask = 2147483647;
			files = (
				2EC10E401976547A000BBEB4 /* InfoPlist.strings in Resources */,
			);
			runOnlyForDeploymentPostprocessing = 0;
		};
/* End PBXResourcesBuildPhase section */

/* Begin PBXSourcesBuildPhase section */
		2EC10E0F1976547A000BBEB4 /* Sources */ = {
			isa = PBXSourcesBuildPhase;
			buildActionMask = 2147483647;
			files = (
				2EC10E271976547A000BBEB4 /* ZPCAppDelegate.m in Sources */,
				2EC10E231976547A000BBEB4 /* main.m in Sources */,
				2EC10E501976702C000BBEB4 /* ZPCListViewController.m in Sources */,
				2EC10E2D1976547A000BBEB4 /* ZPCViewController.m in Sources */,
				2EC10E5319767499000BBEB4 /* ZPCDetailViewController.m in Sources */,
			);
			runOnlyForDeploymentPostprocessing = 0;
		};
		2EC10E301976547A000BBEB4 /* Sources */ = {
			isa = PBXSourcesBuildPhase;
			buildActionMask = 2147483647;
			files = (
				2EC10E421976547A000BBEB4 /* ZPCExpandCellTests.m in Sources */,
			);
			runOnlyForDeploymentPostprocessing = 0;
		};
/* End PBXSourcesBuildPhase section */

/* Begin PBXTargetDependency section */
		2EC10E3A1976547A000BBEB4 /* PBXTargetDependency */ = {
			isa = PBXTargetDependency;
			target = 2EC10E121976547A000BBEB4 /* ZPCExpandCell */;
			targetProxy = 2EC10E391976547A000BBEB4 /* PBXContainerItemProxy */;
		};
/* End PBXTargetDependency section */

/* Begin PBXVariantGroup section */
		2EC10E1F1976547A000BBEB4 /* InfoPlist.strings */ = {
			isa = PBXVariantGroup;
			children = (
				2EC10E201976547A000BBEB4 /* en */,
			);
			name = InfoPlist.strings;
			sourceTree = "<group>";
		};
		2EC10E281976547A000BBEB4 /* Main.storyboard */ = {
			isa = PBXVariantGroup;
			children = (
				2EC10E291976547A000BBEB4 /* Base */,
			);
			name = Main.storyboard;
			sourceTree = "<group>";
		};
		2EC10E3E1976547A000BBEB4 /* InfoPlist.strings */ = {
			isa = PBXVariantGroup;
			children = (
				2EC10E3F1976547A000BBEB4 /* en */,
			);
			name = InfoPlist.strings;
			sourceTree = "<group>";
		};
/* End PBXVariantGroup section */

/* Begin XCBuildConfiguration section */
		2EC10E431976547A000BBEB4 /* Debug */ = {
			isa = XCBuildConfiguration;
			buildSettings = {
				ALWAYS_SEARCH_USER_PATHS = NO;
				CLANG_CXX_LANGUAGE_STANDARD = "gnu++0x";
				CLANG_CXX_LIBRARY = "libc++";
				CLANG_ENABLE_MODULES = YES;
				CLANG_ENABLE_OBJC_ARC = YES;
				CLANG_WARN_BOOL_CONVERSION = YES;
				CLANG_WARN_CONSTANT_CONVERSION = YES;
				CLANG_WARN_DIRECT_OBJC_ISA_USAGE = YES_ERROR;
				CLANG_WARN_EMPTY_BODY = YES;
				CLANG_WARN_ENUM_CONVERSION = YES;
				CLANG_WARN_INT_CONVERSION = YES;
				CLANG_WARN_OBJC_ROOT_CLASS = YES_ERROR;
				CLANG_WARN__DUPLICATE_METHOD_MATCH = YES;
				"CODE_SIGN_IDENTITY[sdk=iphoneos*]" = "iPhone Developer";
				COPY_PHASE_STRIP = NO;
				GCC_C_LANGUAGE_STANDARD = gnu99;
				GCC_DYNAMIC_NO_PIC = NO;
				GCC_OPTIMIZATION_LEVEL = 0;
				GCC_PREPROCESSOR_DEFINITIONS = (
					"DEBUG=1",
					"$(inherited)",
				);
				GCC_SYMBOLS_PRIVATE_EXTERN = NO;
				GCC_WARN_64_TO_32_BIT_CONVERSION = YES;
				GCC_WARN_ABOUT_RETURN_TYPE = YES_ERROR;
				GCC_WARN_UNDECLARED_SELECTOR = YES;
				GCC_WARN_UNINITIALIZED_AUTOS = YES_AGGRESSIVE;
				GCC_WARN_UNUSED_FUNCTION = YES;
				GCC_WARN_UNUSED_VARIABLE = YES;
				IPHONEOS_DEPLOYMENT_TARGET = 7.1;
				ONLY_ACTIVE_ARCH = YES;
				SDKROOT = iphoneos;
			};
			name = Debug;
		};
		2EC10E441976547A000BBEB4 /* Release */ = {
			isa = XCBuildConfiguration;
			buildSettings = {
				ALWAYS_SEARCH_USER_PATHS = NO;
				CLANG_CXX_LANGUAGE_STANDARD = "gnu++0x";
				CLANG_CXX_LIBRARY = "libc++";
				CLANG_ENABLE_MODULES = YES;
				CLANG_ENABLE_OBJC_ARC = YES;
				CLANG_WARN_BOOL_CONVERSION = YES;
				CLANG_WARN_CONSTANT_CONVERSION = YES;
				CLANG_WARN_DIRECT_OBJC_ISA_USAGE = YES_ERROR;
				CLANG_WARN_EMPTY_BODY = YES;
				CLANG_WARN_ENUM_CONVERSION = YES;
				CLANG_WARN_INT_CONVERSION = YES;
				CLANG_WARN_OBJC_ROOT_CLASS = YES_ERROR;
				CLANG_WARN__DUPLICATE_METHOD_MATCH = YES;
				"CODE_SIGN_IDENTITY[sdk=iphoneos*]" = "iPhone Developer";
				COPY_PHASE_STRIP = YES;
				ENABLE_NS_ASSERTIONS = NO;
				GCC_C_LANGUAGE_STANDARD = gnu99;
				GCC_WARN_64_TO_32_BIT_CONVERSION = YES;
				GCC_WARN_ABOUT_RETURN_TYPE = YES_ERROR;
				GCC_WARN_UNDECLARED_SELECTOR = YES;
				GCC_WARN_UNINITIALIZED_AUTOS = YES_AGGRESSIVE;
				GCC_WARN_UNUSED_FUNCTION = YES;
				GCC_WARN_UNUSED_VARIABLE = YES;
				IPHONEOS_DEPLOYMENT_TARGET = 7.1;
				SDKROOT = iphoneos;
				VALIDATE_PRODUCT = YES;
			};
			name = Release;
		};
		2EC10E461976547A000BBEB4 /* Debug */ = {
			isa = XCBuildConfiguration;
			buildSettings = {
				ASSETCATALOG_COMPILER_APPICON_NAME = AppIcon;
				ASSETCATALOG_COMPILER_LAUNCHIMAGE_NAME = LaunchImage;
				GCC_PRECOMPILE_PREFIX_HEADER = YES;
				GCC_PREFIX_HEADER = "ZPCExpandCell/ZPCExpandCell-Prefix.pch";
				INFOPLIST_FILE = "ZPCExpandCell/ZPCExpandCell-Info.plist";
				PRODUCT_NAME = "$(TARGET_NAME)";
				WRAPPER_EXTENSION = app;
			};
			name = Debug;
		};
		2EC10E471976547A000BBEB4 /* Release */ = {
			isa = XCBuildConfiguration;
			buildSettings = {
				ASSETCATALOG_COMPILER_APPICON_NAME = AppIcon;
				ASSETCATALOG_COMPILER_LAUNCHIMAGE_NAME = LaunchImage;
				GCC_PRECOMPILE_PREFIX_HEADER = YES;
				GCC_PREFIX_HEADER = "ZPCExpandCell/ZPCExpandCell-Prefix.pch";
				INFOPLIST_FILE = "ZPCExpandCell/ZPCExpandCell-Info.plist";
				PRODUCT_NAME = "$(TARGET_NAME)";
				WRAPPER_EXTENSION = app;
			};
			name = Release;
		};
		2EC10E491976547A000BBEB4 /* Debug */ = {
			isa = XCBuildConfiguration;
			buildSettings = {
				BUNDLE_LOADER = "$(BUILT_PRODUCTS_DIR)/ZPCExpandCell.app/ZPCExpandCell";
				FRAMEWORK_SEARCH_PATHS = (
					"$(SDKROOT)/Developer/Library/Frameworks",
					"$(inherited)",
					"$(DEVELOPER_FRAMEWORKS_DIR)",
				);
				GCC_PRECOMPILE_PREFIX_HEADER = YES;
				GCC_PREFIX_HEADER = "ZPCExpandCell/ZPCExpandCell-Prefix.pch";
				GCC_PREPROCESSOR_DEFINITIONS = (
					"DEBUG=1",
					"$(inherited)",
				);
				INFOPLIST_FILE = "ZPCExpandCellTests/ZPCExpandCellTests-Info.plist";
				PRODUCT_NAME = "$(TARGET_NAME)";
				TEST_HOST = "$(BUNDLE_LOADER)";
				WRAPPER_EXTENSION = xctest;
			};
			name = Debug;
		};
		2EC10E4A1976547A000BBEB4 /* Release */ = {
			isa = XCBuildConfiguration;
			buildSettings = {
				BUNDLE_LOADER = "$(BUILT_PRODUCTS_DIR)/ZPCExpandCell.app/ZPCExpandCell";
				FRAMEWORK_SEARCH_PATHS = (
					"$(SDKROOT)/Developer/Library/Frameworks",
					"$(inherited)",
					"$(DEVELOPER_FRAMEWORKS_DIR)",
				);
				GCC_PRECOMPILE_PREFIX_HEADER = YES;
				GCC_PREFIX_HEADER = "ZPCExpandCell/ZPCExpandCell-Prefix.pch";
				INFOPLIST_FILE = "ZPCExpandCellTests/ZPCExpandCellTests-Info.plist";
				PRODUCT_NAME = "$(TARGET_NAME)";
				TEST_HOST = "$(BUNDLE_LOADER)";
				WRAPPER_EXTENSION = xctest;
			};
			name = Release;
		};
/* End XCBuildConfiguration section */

/* Begin XCConfigurationList section */
		2EC10E0E1976547A000BBEB4 /* Build configuration list for PBXProject "ZPCExpandCell" */ = {
			isa = XCConfigurationList;
			buildConfigurations = (
				2EC10E431976547A000BBEB4 /* Debug */,
				2EC10E441976547A000BBEB4 /* Release */,
			);
			defaultConfigurationIsVisible = 0;
			defaultConfigurationName = Release;
		};
		2EC10E451976547A000BBEB4 /* Build configuration list for PBXNativeTarget "ZPCExpandCell" */ = {
			isa = XCConfigurationList;
			buildConfigurations = (
				2EC10E461976547A000BBEB4 /* Debug */,
				2EC10E471976547A000BBEB4 /* Release */,
			);
			defaultConfigurationIsVisible = 0;
		};
		2EC10E481976547A000BBEB4 /* Build configuration list for PBXNativeTarget "ZPCExpandCellTests" */ = {
			isa = XCConfigurationList;
			buildConfigurations = (
				2EC10E491976547A000BBEB4 /* Debug */,
				2EC10E4A1976547A000BBEB4 /* Release */,
			);
			defaultConfigurationIsVisible = 0;
		};
/* End XCConfigurationList section */
	};
	rootObject = 2EC10E0B1976547A000BBEB4 /* Project object */;
}
